// !$*UTF8*$!
{
	archiveVersion = 1;
	classes = {
	};
	objectVersion = 55;
	objects = {

/* Begin PBXBuildFile section */
		B9F72F7E28BAA1DA00BDD9BA /* AppDelegate.swift in Sources */ = {isa = PBXBuildFile; fileRef = B9F72F7D28BAA1DA00BDD9BA /* AppDelegate.swift */; };
		B9F72F8028BAA1DA00BDD9BA /* SceneDelegate.swift in Sources */ = {isa = PBXBuildFile; fileRef = B9F72F7F28BAA1DA00BDD9BA /* SceneDelegate.swift */; };
		B9F72F8728BAA1E000BDD9BA /* Assets.xcassets in Resources */ = {isa = PBXBuildFile; fileRef = B9F72F8628BAA1E000BDD9BA /* Assets.xcassets */; };
		B9F72F8A28BAA1E000BDD9BA /* LaunchScreen.storyboard in Resources */ = {isa = PBXBuildFile; fileRef = B9F72F8828BAA1E000BDD9BA /* LaunchScreen.storyboard */; };
		B9F72F9528BAA29D00BDD9BA /* MainViewController.swift in Sources */ = {isa = PBXBuildFile; fileRef = B9F72F9428BAA29D00BDD9BA /* MainViewController.swift */; };
		B9F72F9B28BAAB3A00BDD9BA /* DataStorage.swift in Sources */ = {isa = PBXBuildFile; fileRef = B9F72F9A28BAAB3A00BDD9BA /* DataStorage.swift */; };
		B9F72F9D28BAAC6100BDD9BA /* CategoryProduct.swift in Sources */ = {isa = PBXBuildFile; fileRef = B9F72F9C28BAAC6100BDD9BA /* CategoryProduct.swift */; };
		B9F72F9F28BAAD3200BDD9BA /* CategoryTableViewCell.swift in Sources */ = {isa = PBXBuildFile; fileRef = B9F72F9E28BAAD3200BDD9BA /* CategoryTableViewCell.swift */; };
		B9F72FA128BBAA4B00BDD9BA /* CategoryCollectionViewCell.swift in Sources */ = {isa = PBXBuildFile; fileRef = B9F72FA028BBAA4B00BDD9BA /* CategoryCollectionViewCell.swift */; };
		B9F72FA428BBAB3300BDD9BA /* extention + UIView.swift in Sources */ = {isa = PBXBuildFile; fileRef = B9F72FA328BBAB3300BDD9BA /* extention + UIView.swift */; };
		B9F72FA628BBCADD00BDD9BA /* MainHeaderView.swift in Sources */ = {isa = PBXBuildFile; fileRef = B9F72FA528BBCADD00BDD9BA /* MainHeaderView.swift */; };
		B9F72FA928BD151600BDD9BA /* HotSalesTableViewCell.swift in Sources */ = {isa = PBXBuildFile; fileRef = B9F72FA828BD151600BDD9BA /* HotSalesTableViewCell.swift */; };
		B9F72FAC28BD167300BDD9BA /* HotSalesCollectionViewCell.swift in Sources */ = {isa = PBXBuildFile; fileRef = B9F72FAB28BD167300BDD9BA /* HotSalesCollectionViewCell.swift */; };
		B9F72FAE28BE3C5100BDD9BA /* Networking.swift in Sources */ = {isa = PBXBuildFile; fileRef = B9F72FAD28BE3C5100BDD9BA /* Networking.swift */; };
		B9F72FB028BE3CD700BDD9BA /* NetworkManager.swift in Sources */ = {isa = PBXBuildFile; fileRef = B9F72FAF28BE3CD700BDD9BA /* NetworkManager.swift */; };
		B9F72FB328BE3F5600BDD9BA /* MainScreenData.swift in Sources */ = {isa = PBXBuildFile; fileRef = B9F72FB228BE3F5600BDD9BA /* MainScreenData.swift */; };
		B9F72FB528BE455800BDD9BA /* HotSalesModel.swift in Sources */ = {isa = PBXBuildFile; fileRef = B9F72FB428BE455800BDD9BA /* HotSalesModel.swift */; };
		B9F72FB828BF7DDC00BDD9BA /* BestSellerTableViewCell.swift in Sources */ = {isa = PBXBuildFile; fileRef = B9F72FB728BF7DDC00BDD9BA /* BestSellerTableViewCell.swift */; };
		B9F72FBA28BF7E7200BDD9BA /* BestSellerCollectionViewCell.swift in Sources */ = {isa = PBXBuildFile; fileRef = B9F72FB928BF7E7200BDD9BA /* BestSellerCollectionViewCell.swift */; };
		B9F72FBC28BF86FA00BDD9BA /* BestSellerModel.swift in Sources */ = {isa = PBXBuildFile; fileRef = B9F72FBB28BF86FA00BDD9BA /* BestSellerModel.swift */; };
		B9F72FBF28C0C28400BDD9BA /* MainViewModel.swift in Sources */ = {isa = PBXBuildFile; fileRef = B9F72FBE28C0C28400BDD9BA /* MainViewModel.swift */; };
		B9F72FC328C0C62200BDD9BA /* CategoryCollectionCellViewModel.swift in Sources */ = {isa = PBXBuildFile; fileRef = B9F72FC228C0C62200BDD9BA /* CategoryCollectionCellViewModel.swift */; };
		B9F72FC528C0D55F00BDD9BA /* HotSalesCollectionCellViewModel.swift in Sources */ = {isa = PBXBuildFile; fileRef = B9F72FC428C0D55F00BDD9BA /* HotSalesCollectionCellViewModel.swift */; };
		B9F72FC728C0E3EE00BDD9BA /* BestSellerCollectionCellViewModel.swift in Sources */ = {isa = PBXBuildFile; fileRef = B9F72FC628C0E3EE00BDD9BA /* BestSellerCollectionCellViewModel.swift */; };
		B9F72FC928C0EEE400BDD9BA /* FilterOptionsViewController.swift in Sources */ = {isa = PBXBuildFile; fileRef = B9F72FC828C0EEE400BDD9BA /* FilterOptionsViewController.swift */; };
		B9F72FCC28C2196A00BDD9BA /* FilterOptionsViewModel.swift in Sources */ = {isa = PBXBuildFile; fileRef = B9F72FCB28C2196A00BDD9BA /* FilterOptionsViewModel.swift */; };
		B9F72FCE28C23C8400BDD9BA /* FilterOptionView.swift in Sources */ = {isa = PBXBuildFile; fileRef = B9F72FCD28C23C8400BDD9BA /* FilterOptionView.swift */; };
		B9F72FD028C399AE00BDD9BA /* FilterOptionViewModel.swift in Sources */ = {isa = PBXBuildFile; fileRef = B9F72FCF28C399AE00BDD9BA /* FilterOptionViewModel.swift */; };
		B9F72FD328C3AA9600BDD9BA /* Configurator.swift in Sources */ = {isa = PBXBuildFile; fileRef = B9F72FD228C3AA9600BDD9BA /* Configurator.swift */; };
		B9F72FD528C3AAFD00BDD9BA /* MainConfiguranor.swift in Sources */ = {isa = PBXBuildFile; fileRef = B9F72FD428C3AAFD00BDD9BA /* MainConfiguranor.swift */; };
		B9F72FD728C3AB9400BDD9BA /* FilterOptionsConfigurator.swift in Sources */ = {isa = PBXBuildFile; fileRef = B9F72FD628C3AB9400BDD9BA /* FilterOptionsConfigurator.swift */; };
/* End PBXBuildFile section */

/* Begin PBXFileReference section */
		B9F72F7A28BAA1DA00BDD9BA /* PhoneShopTestTask.app */ = {isa = PBXFileReference; explicitFileType = wrapper.application; includeInIndex = 0; path = PhoneShopTestTask.app; sourceTree = BUILT_PRODUCTS_DIR; };
		B9F72F7D28BAA1DA00BDD9BA /* AppDelegate.swift */ = {isa = PBXFileReference; lastKnownFileType = sourcecode.swift; path = AppDelegate.swift; sourceTree = "<group>"; };
		B9F72F7F28BAA1DA00BDD9BA /* SceneDelegate.swift */ = {isa = PBXFileReference; lastKnownFileType = sourcecode.swift; path = SceneDelegate.swift; sourceTree = "<group>"; };
		B9F72F8628BAA1E000BDD9BA /* Assets.xcassets */ = {isa = PBXFileReference; lastKnownFileType = folder.assetcatalog; path = Assets.xcassets; sourceTree = "<group>"; };
		B9F72F8928BAA1E000BDD9BA /* Base */ = {isa = PBXFileReference; lastKnownFileType = file.storyboard; name = Base; path = Base.lproj/LaunchScreen.storyboard; sourceTree = "<group>"; };
		B9F72F8B28BAA1E000BDD9BA /* Info.plist */ = {isa = PBXFileReference; lastKnownFileType = text.plist.xml; path = Info.plist; sourceTree = "<group>"; };
		B9F72F9428BAA29D00BDD9BA /* MainViewController.swift */ = {isa = PBXFileReference; lastKnownFileType = sourcecode.swift; path = MainViewController.swift; sourceTree = "<group>"; };
		B9F72F9A28BAAB3A00BDD9BA /* DataStorage.swift */ = {isa = PBXFileReference; lastKnownFileType = sourcecode.swift; path = DataStorage.swift; sourceTree = "<group>"; };
		B9F72F9C28BAAC6100BDD9BA /* CategoryProduct.swift */ = {isa = PBXFileReference; lastKnownFileType = sourcecode.swift; path = CategoryProduct.swift; sourceTree = "<group>"; };
		B9F72F9E28BAAD3200BDD9BA /* CategoryTableViewCell.swift */ = {isa = PBXFileReference; lastKnownFileType = sourcecode.swift; path = CategoryTableViewCell.swift; sourceTree = "<group>"; };
		B9F72FA028BBAA4B00BDD9BA /* CategoryCollectionViewCell.swift */ = {isa = PBXFileReference; lastKnownFileType = sourcecode.swift; path = CategoryCollectionViewCell.swift; sourceTree = "<group>"; };
		B9F72FA328BBAB3300BDD9BA /* extention + UIView.swift */ = {isa = PBXFileReference; lastKnownFileType = sourcecode.swift; path = "extention + UIView.swift"; sourceTree = "<group>"; };
		B9F72FA528BBCADD00BDD9BA /* MainHeaderView.swift */ = {isa = PBXFileReference; lastKnownFileType = sourcecode.swift; path = MainHeaderView.swift; sourceTree = "<group>"; };
		B9F72FA828BD151600BDD9BA /* HotSalesTableViewCell.swift */ = {isa = PBXFileReference; lastKnownFileType = sourcecode.swift; path = HotSalesTableViewCell.swift; sourceTree = "<group>"; };
		B9F72FAB28BD167300BDD9BA /* HotSalesCollectionViewCell.swift */ = {isa = PBXFileReference; lastKnownFileType = sourcecode.swift; path = HotSalesCollectionViewCell.swift; sourceTree = "<group>"; };
		B9F72FAD28BE3C5100BDD9BA /* Networking.swift */ = {isa = PBXFileReference; lastKnownFileType = sourcecode.swift; path = Networking.swift; sourceTree = "<group>"; };
		B9F72FAF28BE3CD700BDD9BA /* NetworkManager.swift */ = {isa = PBXFileReference; lastKnownFileType = sourcecode.swift; path = NetworkManager.swift; sourceTree = "<group>"; };
		B9F72FB228BE3F5600BDD9BA /* MainScreenData.swift */ = {isa = PBXFileReference; lastKnownFileType = sourcecode.swift; path = MainScreenData.swift; sourceTree = "<group>"; };
		B9F72FB428BE455800BDD9BA /* HotSalesModel.swift */ = {isa = PBXFileReference; lastKnownFileType = sourcecode.swift; path = HotSalesModel.swift; sourceTree = "<group>"; };
		B9F72FB728BF7DDC00BDD9BA /* BestSellerTableViewCell.swift */ = {isa = PBXFileReference; lastKnownFileType = sourcecode.swift; path = BestSellerTableViewCell.swift; sourceTree = "<group>"; };
		B9F72FB928BF7E7200BDD9BA /* BestSellerCollectionViewCell.swift */ = {isa = PBXFileReference; lastKnownFileType = sourcecode.swift; path = BestSellerCollectionViewCell.swift; sourceTree = "<group>"; };
		B9F72FBB28BF86FA00BDD9BA /* BestSellerModel.swift */ = {isa = PBXFileReference; lastKnownFileType = sourcecode.swift; path = BestSellerModel.swift; sourceTree = "<group>"; };
		B9F72FBE28C0C28400BDD9BA /* MainViewModel.swift */ = {isa = PBXFileReference; lastKnownFileType = sourcecode.swift; path = MainViewModel.swift; sourceTree = "<group>"; };
		B9F72FC228C0C62200BDD9BA /* CategoryCollectionCellViewModel.swift */ = {isa = PBXFileReference; lastKnownFileType = sourcecode.swift; path = CategoryCollectionCellViewModel.swift; sourceTree = "<group>"; };
		B9F72FC428C0D55F00BDD9BA /* HotSalesCollectionCellViewModel.swift */ = {isa = PBXFileReference; lastKnownFileType = sourcecode.swift; path = HotSalesCollectionCellViewModel.swift; sourceTree = "<group>"; };
		B9F72FC628C0E3EE00BDD9BA /* BestSellerCollectionCellViewModel.swift */ = {isa = PBXFileReference; lastKnownFileType = sourcecode.swift; path = BestSellerCollectionCellViewModel.swift; sourceTree = "<group>"; };
		B9F72FC828C0EEE400BDD9BA /* FilterOptionsViewController.swift */ = {isa = PBXFileReference; lastKnownFileType = sourcecode.swift; path = FilterOptionsViewController.swift; sourceTree = "<group>"; };
		B9F72FCB28C2196A00BDD9BA /* FilterOptionsViewModel.swift */ = {isa = PBXFileReference; lastKnownFileType = sourcecode.swift; path = FilterOptionsViewModel.swift; sourceTree = "<group>"; };
		B9F72FCD28C23C8400BDD9BA /* FilterOptionView.swift */ = {isa = PBXFileReference; lastKnownFileType = sourcecode.swift; path = FilterOptionView.swift; sourceTree = "<group>"; };
		B9F72FCF28C399AE00BDD9BA /* FilterOptionViewModel.swift */ = {isa = PBXFileReference; lastKnownFileType = sourcecode.swift; path = FilterOptionViewModel.swift; sourceTree = "<group>"; };
		B9F72FD228C3AA9600BDD9BA /* Configurator.swift */ = {isa = PBXFileReference; lastKnownFileType = sourcecode.swift; path = Configurator.swift; sourceTree = "<group>"; };
		B9F72FD428C3AAFD00BDD9BA /* MainConfiguranor.swift */ = {isa = PBXFileReference; lastKnownFileType = sourcecode.swift; path = MainConfiguranor.swift; sourceTree = "<group>"; };
		B9F72FD628C3AB9400BDD9BA /* FilterOptionsConfigurator.swift */ = {isa = PBXFileReference; lastKnownFileType = sourcecode.swift; path = FilterOptionsConfigurator.swift; sourceTree = "<group>"; };
/* End PBXFileReference section */

/* Begin PBXFrameworksBuildPhase section */
		B9F72F7728BAA1DA00BDD9BA /* Frameworks */ = {
			isa = PBXFrameworksBuildPhase;
			buildActionMask = 2147483647;
			files = (
			);
			runOnlyForDeploymentPostprocessing = 0;
		};
/* End PBXFrameworksBuildPhase section */

/* Begin PBXGroup section */
		B9F72F7128BAA1DA00BDD9BA = {
			isa = PBXGroup;
			children = (
				B9F72F7C28BAA1DA00BDD9BA /* PhoneShopTestTask */,
				B9F72F7B28BAA1DA00BDD9BA /* Products */,
			);
			sourceTree = "<group>";
		};
		B9F72F7B28BAA1DA00BDD9BA /* Products */ = {
			isa = PBXGroup;
			children = (
				B9F72F7A28BAA1DA00BDD9BA /* PhoneShopTestTask.app */,
			);
			name = Products;
			sourceTree = "<group>";
		};
		B9F72F7C28BAA1DA00BDD9BA /* PhoneShopTestTask */ = {
			isa = PBXGroup;
			children = (
				B9F72FA228BBAB2200BDD9BA /* Helper  */,
				B9F72F9628BAA32D00BDD9BA /* Services */,
				B9F72FCA28C0EFA500BDD9BA /* FilterOptions */,
				B9F72F9128BAA24C00BDD9BA /* Main */,
				B9F72F7D28BAA1DA00BDD9BA /* AppDelegate.swift */,
				B9F72F7F28BAA1DA00BDD9BA /* SceneDelegate.swift */,
				B9F72F8628BAA1E000BDD9BA /* Assets.xcassets */,
				B9F72F8828BAA1E000BDD9BA /* LaunchScreen.storyboard */,
				B9F72F8B28BAA1E000BDD9BA /* Info.plist */,
			);
			path = PhoneShopTestTask;
			sourceTree = "<group>";
		};
		B9F72F9128BAA24C00BDD9BA /* Main */ = {
			isa = PBXGroup;
			children = (
				B9F72F9828BAA7FD00BDD9BA /* Cell */,
				B9F72F9428BAA29D00BDD9BA /* MainViewController.swift */,
				B9F72FBE28C0C28400BDD9BA /* MainViewModel.swift */,
				B9F72FD428C3AAFD00BDD9BA /* MainConfiguranor.swift */,
			);
			path = Main;
			sourceTree = "<group>";
		};
		B9F72F9628BAA32D00BDD9BA /* Services */ = {
			isa = PBXGroup;
			children = (
				B9F72F9928BAAB1A00BDD9BA /* DataStorage */,
				B9F72F9728BAA34300BDD9BA /* Network */,
			);
			path = Services;
			sourceTree = "<group>";
		};
		B9F72F9728BAA34300BDD9BA /* Network */ = {
			isa = PBXGroup;
			children = (
				B9F72FB128BE3EE500BDD9BA /* Models */,
				B9F72FAD28BE3C5100BDD9BA /* Networking.swift */,
				B9F72FAF28BE3CD700BDD9BA /* NetworkManager.swift */,
			);
			path = Network;
			sourceTree = "<group>";
		};
		B9F72F9828BAA7FD00BDD9BA /* Cell */ = {
			isa = PBXGroup;
			children = (
				B9F72FB628BF7DAF00BDD9BA /* BestSellerCollection */,
				B9F72FAA28BD163400BDD9BA /* HotSalesCollection */,
				B9F72FA728BD056B00BDD9BA /* CategoryCollection */,
				B9F72FA528BBCADD00BDD9BA /* MainHeaderView.swift */,
			);
			path = Cell;
			sourceTree = "<group>";
		};
		B9F72F9928BAAB1A00BDD9BA /* DataStorage */ = {
			isa = PBXGroup;
			children = (
				B9F72F9A28BAAB3A00BDD9BA /* DataStorage.swift */,
				B9F72F9C28BAAC6100BDD9BA /* CategoryProduct.swift */,
			);
			path = DataStorage;
			sourceTree = "<group>";
		};
		B9F72FA228BBAB2200BDD9BA /* Helper  */ = {
			isa = PBXGroup;
			children = (
				B9F72FA328BBAB3300BDD9BA /* extention + UIView.swift */,
				B9F72FD228C3AA9600BDD9BA /* Configurator.swift */,
			);
			path = "Helper ";
			sourceTree = "<group>";
		};
		B9F72FA728BD056B00BDD9BA /* CategoryCollection */ = {
			isa = PBXGroup;
			children = (
				B9F72F9E28BAAD3200BDD9BA /* CategoryTableViewCell.swift */,
				B9F72FA028BBAA4B00BDD9BA /* CategoryCollectionViewCell.swift */,
				B9F72FC228C0C62200BDD9BA /* CategoryCollectionCellViewModel.swift */,
			);
			path = CategoryCollection;
			sourceTree = "<group>";
		};
		B9F72FAA28BD163400BDD9BA /* HotSalesCollection */ = {
			isa = PBXGroup;
			children = (
				B9F72FA828BD151600BDD9BA /* HotSalesTableViewCell.swift */,
				B9F72FAB28BD167300BDD9BA /* HotSalesCollectionViewCell.swift */,
				B9F72FC428C0D55F00BDD9BA /* HotSalesCollectionCellViewModel.swift */,
				B9F72FB428BE455800BDD9BA /* HotSalesModel.swift */,
			);
			path = HotSalesCollection;
			sourceTree = "<group>";
		};
		B9F72FB128BE3EE500BDD9BA /* Models */ = {
			isa = PBXGroup;
			children = (
				B9F72FB228BE3F5600BDD9BA /* MainScreenData.swift */,
			);
			path = Models;
			sourceTree = "<group>";
		};
		B9F72FB628BF7DAF00BDD9BA /* BestSellerCollection */ = {
			isa = PBXGroup;
			children = (
				B9F72FB728BF7DDC00BDD9BA /* BestSellerTableViewCell.swift */,
				B9F72FB928BF7E7200BDD9BA /* BestSellerCollectionViewCell.swift */,
				B9F72FC628C0E3EE00BDD9BA /* BestSellerCollectionCellViewModel.swift */,
				B9F72FBB28BF86FA00BDD9BA /* BestSellerModel.swift */,
			);
			path = BestSellerCollection;
			sourceTree = "<group>";
		};
		B9F72FCA28C0EFA500BDD9BA /* FilterOptions */ = {
			isa = PBXGroup;
			children = (
				B9F72FD128C3A0C900BDD9BA /* FilterOption */,
				B9F72FC828C0EEE400BDD9BA /* FilterOptionsViewController.swift */,
				B9F72FCB28C2196A00BDD9BA /* FilterOptionsViewModel.swift */,
				B9F72FD628C3AB9400BDD9BA /* FilterOptionsConfigurator.swift */,
			);
			path = FilterOptions;
			sourceTree = "<group>";
		};
		B9F72FD128C3A0C900BDD9BA /* FilterOption */ = {
			isa = PBXGroup;
			children = (
				B9F72FCD28C23C8400BDD9BA /* FilterOptionView.swift */,
				B9F72FCF28C399AE00BDD9BA /* FilterOptionViewModel.swift */,
			);
			path = FilterOption;
			sourceTree = "<group>";
		};
/* End PBXGroup section */

/* Begin PBXNativeTarget section */
		B9F72F7928BAA1DA00BDD9BA /* PhoneShopTestTask */ = {
			isa = PBXNativeTarget;
			buildConfigurationList = B9F72F8E28BAA1E000BDD9BA /* Build configuration list for PBXNativeTarget "PhoneShopTestTask" */;
			buildPhases = (
				B9F72F7628BAA1DA00BDD9BA /* Sources */,
				B9F72F7728BAA1DA00BDD9BA /* Frameworks */,
				B9F72F7828BAA1DA00BDD9BA /* Resources */,
				B9F72FBD28BFBC6A00BDD9BA /* ShellScript */,
			);
			buildRules = (
			);
			dependencies = (
			);
			name = PhoneShopTestTask;
			productName = PhoneShopTestTask;
			productReference = B9F72F7A28BAA1DA00BDD9BA /* PhoneShopTestTask.app */;
			productType = "com.apple.product-type.application";
		};
/* End PBXNativeTarget section */

/* Begin PBXProject section */
		B9F72F7228BAA1DA00BDD9BA /* Project object */ = {
			isa = PBXProject;
			attributes = {
				BuildIndependentTargetsInParallel = 1;
				LastSwiftUpdateCheck = 1340;
				LastUpgradeCheck = 1340;
				TargetAttributes = {
					B9F72F7928BAA1DA00BDD9BA = {
						CreatedOnToolsVersion = 13.4;
					};
				};
			};
			buildConfigurationList = B9F72F7528BAA1DA00BDD9BA /* Build configuration list for PBXProject "PhoneShopTestTask" */;
			compatibilityVersion = "Xcode 13.0";
			developmentRegion = en;
			hasScannedForEncodings = 0;
			knownRegions = (
				en,
				Base,
			);
			mainGroup = B9F72F7128BAA1DA00BDD9BA;
			productRefGroup = B9F72F7B28BAA1DA00BDD9BA /* Products */;
			projectDirPath = "";
			projectRoot = "";
			targets = (
				B9F72F7928BAA1DA00BDD9BA /* PhoneShopTestTask */,
			);
		};
/* End PBXProject section */

/* Begin PBXResourcesBuildPhase section */
		B9F72F7828BAA1DA00BDD9BA /* Resources */ = {
			isa = PBXResourcesBuildPhase;
			buildActionMask = 2147483647;
			files = (
				B9F72F8A28BAA1E000BDD9BA /* LaunchScreen.storyboard in Resources */,
				B9F72F8728BAA1E000BDD9BA /* Assets.xcassets in Resources */,
			);
			runOnlyForDeploymentPostprocessing = 0;
		};
/* End PBXResourcesBuildPhase section */

/* Begin PBXShellScriptBuildPhase section */
		B9F72FBD28BFBC6A00BDD9BA /* ShellScript */ = {
			isa = PBXShellScriptBuildPhase;
			buildActionMask = 2147483647;
			files = (
			);
			inputFileListPaths = (
			);
			inputPaths = (
			);
			outputFileListPaths = (
			);
			outputPaths = (
			);
			runOnlyForDeploymentPostprocessing = 0;
			shellPath = /bin/sh;
			shellScript = "TAGS=\"XXX:|!!!:|TODO:|FIXME:|#WARNING:\"\nERRORTAG=\"#ERROR:\"\nfind \"${SRCROOT}\" \\( -name \"*.h\" -or -name \"*.m\" -or -name \"*.swift\" \\) -print0 | xargs -0 egrep --with-filename --line-number --only-matching \"($TAGS).*\\$|($ERRORTAG).*\\$\" | perl -p -e \"s/($TAGS)/ warning: \\$1/\" | perl -p -e \"s/($ERRORTAG)/ error: \\$1/\"\n";
		};
/* End PBXShellScriptBuildPhase section */

/* Begin PBXSourcesBuildPhase section */
		B9F72F7628BAA1DA00BDD9BA /* Sources */ = {
			isa = PBXSourcesBuildPhase;
			buildActionMask = 2147483647;
			files = (
				B9F72FB828BF7DDC00BDD9BA /* BestSellerTableViewCell.swift in Sources */,
				B9F72F7E28BAA1DA00BDD9BA /* AppDelegate.swift in Sources */,
				B9F72FC928C0EEE400BDD9BA /* FilterOptionsViewController.swift in Sources */,
				B9F72FC328C0C62200BDD9BA /* CategoryCollectionCellViewModel.swift in Sources */,
				B9F72F9D28BAAC6100BDD9BA /* CategoryProduct.swift in Sources */,
				B9F72FCE28C23C8400BDD9BA /* FilterOptionView.swift in Sources */,
				B9F72FCC28C2196A00BDD9BA /* FilterOptionsViewModel.swift in Sources */,
				B9F72FB528BE455800BDD9BA /* HotSalesModel.swift in Sources */,
				B9F72F8028BAA1DA00BDD9BA /* SceneDelegate.swift in Sources */,
				B9F72FC528C0D55F00BDD9BA /* HotSalesCollectionCellViewModel.swift in Sources */,
				B9F72FB028BE3CD700BDD9BA /* NetworkManager.swift in Sources */,
				B9F72FAE28BE3C5100BDD9BA /* Networking.swift in Sources */,
				B9F72F9528BAA29D00BDD9BA /* MainViewController.swift in Sources */,
				B9F72FA628BBCADD00BDD9BA /* MainHeaderView.swift in Sources */,
				B9F72F9B28BAAB3A00BDD9BA /* DataStorage.swift in Sources */,
				B9F72FB328BE3F5600BDD9BA /* MainScreenData.swift in Sources */,
				B9F72FA928BD151600BDD9BA /* HotSalesTableViewCell.swift in Sources */,
				B9F72FD028C399AE00BDD9BA /* FilterOptionViewModel.swift in Sources */,
				B9F72FAC28BD167300BDD9BA /* HotSalesCollectionViewCell.swift in Sources */,
				B9F72FD328C3AA9600BDD9BA /* Configurator.swift in Sources */,
				B9F72FBF28C0C28400BDD9BA /* MainViewModel.swift in Sources */,
				B9F72FBA28BF7E7200BDD9BA /* BestSellerCollectionViewCell.swift in Sources */,
				B9F72FBC28BF86FA00BDD9BA /* BestSellerModel.swift in Sources */,
				B9F72FD728C3AB9400BDD9BA /* FilterOptionsConfigurator.swift in Sources */,
				B9F72FD528C3AAFD00BDD9BA /* MainConfiguranor.swift in Sources */,
				B9F72FA428BBAB3300BDD9BA /* extention + UIView.swift in Sources */,
				B9F72FC728C0E3EE00BDD9BA /* BestSellerCollectionCellViewModel.swift in Sources */,
				B9F72FA128BBAA4B00BDD9BA /* CategoryCollectionViewCell.swift in Sources */,
				B9F72F9F28BAAD3200BDD9BA /* CategoryTableViewCell.swift in Sources */,
			);
			runOnlyForDeploymentPostprocessing = 0;
		};
/* End PBXSourcesBuildPhase section */

/* Begin PBXVariantGroup section */
		B9F72F8828BAA1E000BDD9BA /* LaunchScreen.storyboard */ = {
			isa = PBXVariantGroup;
			children = (
				B9F72F8928BAA1E000BDD9BA /* Base */,
			);
			name = LaunchScreen.storyboard;
			sourceTree = "<group>";
		};
/* End PBXVariantGroup section */

/* Begin XCBuildConfiguration section */
		B9F72F8C28BAA1E000BDD9BA /* Debug */ = {
			isa = XCBuildConfiguration;
			buildSettings = {
				ALWAYS_SEARCH_USER_PATHS = NO;
				CLANG_ANALYZER_NONNULL = YES;
				CLANG_ANALYZER_NUMBER_OBJECT_CONVERSION = YES_AGGRESSIVE;
				CLANG_CXX_LANGUAGE_STANDARD = "gnu++17";
				CLANG_ENABLE_MODULES = YES;
				CLANG_ENABLE_OBJC_ARC = YES;
				CLANG_ENABLE_OBJC_WEAK = YES;
				CLANG_WARN_BLOCK_CAPTURE_AUTORELEASING = YES;
				CLANG_WARN_BOOL_CONVERSION = YES;
				CLANG_WARN_COMMA = YES;
				CLANG_WARN_CONSTANT_CONVERSION = YES;
				CLANG_WARN_DEPRECATED_OBJC_IMPLEMENTATIONS = YES;
				CLANG_WARN_DIRECT_OBJC_ISA_USAGE = YES_ERROR;
				CLANG_WARN_DOCUMENTATION_COMMENTS = YES;
				CLANG_WARN_EMPTY_BODY = YES;
				CLANG_WARN_ENUM_CONVERSION = YES;
				CLANG_WARN_INFINITE_RECURSION = YES;
				CLANG_WARN_INT_CONVERSION = YES;
				CLANG_WARN_NON_LITERAL_NULL_CONVERSION = YES;
				CLANG_WARN_OBJC_IMPLICIT_RETAIN_SELF = YES;
				CLANG_WARN_OBJC_LITERAL_CONVERSION = YES;
				CLANG_WARN_OBJC_ROOT_CLASS = YES_ERROR;
				CLANG_WARN_QUOTED_INCLUDE_IN_FRAMEWORK_HEADER = YES;
				CLANG_WARN_RANGE_LOOP_ANALYSIS = YES;
				CLANG_WARN_STRICT_PROTOTYPES = YES;
				CLANG_WARN_SUSPICIOUS_MOVE = YES;
				CLANG_WARN_UNGUARDED_AVAILABILITY = YES_AGGRESSIVE;
				CLANG_WARN_UNREACHABLE_CODE = YES;
				CLANG_WARN__DUPLICATE_METHOD_MATCH = YES;
				COPY_PHASE_STRIP = NO;
				DEBUG_INFORMATION_FORMAT = dwarf;
				ENABLE_STRICT_OBJC_MSGSEND = YES;
				ENABLE_TESTABILITY = YES;
				GCC_C_LANGUAGE_STANDARD = gnu11;
				GCC_DYNAMIC_NO_PIC = NO;
				GCC_NO_COMMON_BLOCKS = YES;
				GCC_OPTIMIZATION_LEVEL = 0;
				GCC_PREPROCESSOR_DEFINITIONS = (
					"DEBUG=1",
					"$(inherited)",
				);
				GCC_WARN_64_TO_32_BIT_CONVERSION = YES;
				GCC_WARN_ABOUT_RETURN_TYPE = YES_ERROR;
				GCC_WARN_UNDECLARED_SELECTOR = YES;
				GCC_WARN_UNINITIALIZED_AUTOS = YES_AGGRESSIVE;
				GCC_WARN_UNUSED_FUNCTION = YES;
				GCC_WARN_UNUSED_VARIABLE = YES;
				IPHONEOS_DEPLOYMENT_TARGET = 15.5;
				MTL_ENABLE_DEBUG_INFO = INCLUDE_SOURCE;
				MTL_FAST_MATH = YES;
				ONLY_ACTIVE_ARCH = YES;
				SDKROOT = iphoneos;
				SWIFT_ACTIVE_COMPILATION_CONDITIONS = DEBUG;
				SWIFT_OPTIMIZATION_LEVEL = "-Onone";
			};
			name = Debug;
		};
		B9F72F8D28BAA1E000BDD9BA /* Release */ = {
			isa = XCBuildConfiguration;
			buildSettings = {
				ALWAYS_SEARCH_USER_PATHS = NO;
				CLANG_ANALYZER_NONNULL = YES;
				CLANG_ANALYZER_NUMBER_OBJECT_CONVERSION = YES_AGGRESSIVE;
				CLANG_CXX_LANGUAGE_STANDARD = "gnu++17";
				CLANG_ENABLE_MODULES = YES;
				CLANG_ENABLE_OBJC_ARC = YES;
				CLANG_ENABLE_OBJC_WEAK = YES;
				CLANG_WARN_BLOCK_CAPTURE_AUTORELEASING = YES;
				CLANG_WARN_BOOL_CONVERSION = YES;
				CLANG_WARN_COMMA = YES;
				CLANG_WARN_CONSTANT_CONVERSION = YES;
				CLANG_WARN_DEPRECATED_OBJC_IMPLEMENTATIONS = YES;
				CLANG_WARN_DIRECT_OBJC_ISA_USAGE = YES_ERROR;
				CLANG_WARN_DOCUMENTATION_COMMENTS = YES;
				CLANG_WARN_EMPTY_BODY = YES;
				CLANG_WARN_ENUM_CONVERSION = YES;
				CLANG_WARN_INFINITE_RECURSION = YES;
				CLANG_WARN_INT_CONVERSION = YES;
				CLANG_WARN_NON_LITERAL_NULL_CONVERSION = YES;
				CLANG_WARN_OBJC_IMPLICIT_RETAIN_SELF = YES;
				CLANG_WARN_OBJC_LITERAL_CONVERSION = YES;
				CLANG_WARN_OBJC_ROOT_CLASS = YES_ERROR;
				CLANG_WARN_QUOTED_INCLUDE_IN_FRAMEWORK_HEADER = YES;
				CLANG_WARN_RANGE_LOOP_ANALYSIS = YES;
				CLANG_WARN_STRICT_PROTOTYPES = YES;
				CLANG_WARN_SUSPICIOUS_MOVE = YES;
				CLANG_WARN_UNGUARDED_AVAILABILITY = YES_AGGRESSIVE;
				CLANG_WARN_UNREACHABLE_CODE = YES;
				CLANG_WARN__DUPLICATE_METHOD_MATCH = YES;
				COPY_PHASE_STRIP = NO;
				DEBUG_INFORMATION_FORMAT = "dwarf-with-dsym";
				ENABLE_NS_ASSERTIONS = NO;
				ENABLE_STRICT_OBJC_MSGSEND = YES;
				GCC_C_LANGUAGE_STANDARD = gnu11;
				GCC_NO_COMMON_BLOCKS = YES;
				GCC_WARN_64_TO_32_BIT_CONVERSION = YES;
				GCC_WARN_ABOUT_RETURN_TYPE = YES_ERROR;
				GCC_WARN_UNDECLARED_SELECTOR = YES;
				GCC_WARN_UNINITIALIZED_AUTOS = YES_AGGRESSIVE;
				GCC_WARN_UNUSED_FUNCTION = YES;
				GCC_WARN_UNUSED_VARIABLE = YES;
				IPHONEOS_DEPLOYMENT_TARGET = 15.5;
				MTL_ENABLE_DEBUG_INFO = NO;
				MTL_FAST_MATH = YES;
				SDKROOT = iphoneos;
				SWIFT_COMPILATION_MODE = wholemodule;
				SWIFT_OPTIMIZATION_LEVEL = "-O";
				VALIDATE_PRODUCT = YES;
			};
			name = Release;
		};
		B9F72F8F28BAA1E000BDD9BA /* Debug */ = {
			isa = XCBuildConfiguration;
			buildSettings = {
				ASSETCATALOG_COMPILER_APPICON_NAME = AppIcon;
				ASSETCATALOG_COMPILER_GLOBAL_ACCENT_COLOR_NAME = AccentColor;
				CODE_SIGN_STYLE = Automatic;
				CURRENT_PROJECT_VERSION = 1;
				DEVELOPMENT_TEAM = Q8BJ8563H3;
				GENERATE_INFOPLIST_FILE = YES;
				INFOPLIST_FILE = PhoneShopTestTask/Info.plist;
				INFOPLIST_KEY_UIApplicationSupportsIndirectInputEvents = YES;
				INFOPLIST_KEY_UILaunchStoryboardName = LaunchScreen;
				INFOPLIST_KEY_UISupportedInterfaceOrientations_iPad = "UIInterfaceOrientationPortrait UIInterfaceOrientationPortraitUpsideDown UIInterfaceOrientationLandscapeLeft UIInterfaceOrientationLandscapeRight";
				INFOPLIST_KEY_UISupportedInterfaceOrientations_iPhone = "UIInterfaceOrientationPortrait UIInterfaceOrientationLandscapeLeft UIInterfaceOrientationLandscapeRight";
				LD_RUNPATH_SEARCH_PATHS = (
					"$(inherited)",
					"@executable_path/Frameworks",
				);
				MARKETING_VERSION = 1.0;
				PRODUCT_BUNDLE_IDENTIFIER = ru.kochetkovAnton.PhoneShopTestTask;
				PRODUCT_NAME = "$(TARGET_NAME)";
				SWIFT_EMIT_LOC_STRINGS = YES;
				SWIFT_VERSION = 5.0;
				TARGETED_DEVICE_FAMILY = 1;
			};
			name = Debug;
		};
		B9F72F9028BAA1E000BDD9BA /* Release */ = {
			isa = XCBuildConfiguration;
			buildSettings = {
				ASSETCATALOG_COMPILER_APPICON_NAME = AppIcon;
				ASSETCATALOG_COMPILER_GLOBAL_ACCENT_COLOR_NAME = AccentColor;
				CODE_SIGN_STYLE = Automatic;
				CURRENT_PROJECT_VERSION = 1;
				DEVELOPMENT_TEAM = Q8BJ8563H3;
				GENERATE_INFOPLIST_FILE = YES;
				INFOPLIST_FILE = PhoneShopTestTask/Info.plist;
				INFOPLIST_KEY_UIApplicationSupportsIndirectInputEvents = YES;
				INFOPLIST_KEY_UILaunchStoryboardName = LaunchScreen;
				INFOPLIST_KEY_UISupportedInterfaceOrientations_iPad = "UIInterfaceOrientationPortrait UIInterfaceOrientationPortraitUpsideDown UIInterfaceOrientationLandscapeLeft UIInterfaceOrientationLandscapeRight";
				INFOPLIST_KEY_UISupportedInterfaceOrientations_iPhone = "UIInterfaceOrientationPortrait UIInterfaceOrientationLandscapeLeft UIInterfaceOrientationLandscapeRight";
				LD_RUNPATH_SEARCH_PATHS = (
					"$(inherited)",
					"@executable_path/Frameworks",
				);
				MARKETING_VERSION = 1.0;
				PRODUCT_BUNDLE_IDENTIFIER = ru.kochetkovAnton.PhoneShopTestTask;
				PRODUCT_NAME = "$(TARGET_NAME)";
				SWIFT_EMIT_LOC_STRINGS = YES;
				SWIFT_VERSION = 5.0;
				TARGETED_DEVICE_FAMILY = 1;
			};
			name = Release;
		};
/* End XCBuildConfiguration section */

/* Begin XCConfigurationList section */
		B9F72F7528BAA1DA00BDD9BA /* Build configuration list for PBXProject "PhoneShopTestTask" */ = {
			isa = XCConfigurationList;
			buildConfigurations = (
				B9F72F8C28BAA1E000BDD9BA /* Debug */,
				B9F72F8D28BAA1E000BDD9BA /* Release */,
			);
			defaultConfigurationIsVisible = 0;
			defaultConfigurationName = Release;
		};
		B9F72F8E28BAA1E000BDD9BA /* Build configuration list for PBXNativeTarget "PhoneShopTestTask" */ = {
			isa = XCConfigurationList;
			buildConfigurations = (
				B9F72F8F28BAA1E000BDD9BA /* Debug */,
				B9F72F9028BAA1E000BDD9BA /* Release */,
			);
			defaultConfigurationIsVisible = 0;
			defaultConfigurationName = Release;
		};
/* End XCConfigurationList section */
	};
	rootObject = B9F72F7228BAA1DA00BDD9BA /* Project object */;
}
